[[package]]
name = "pyserial"
version = "3.5"
summary = "Python Serial Port Extension"

[metadata]
lock_version = "4.0"
content_hash = "sha256:44680579c726b1042fb49fa71542b1ee0f920144e0046142c3ffe22fc01dee59"

[metadata.files]
"pyserial 3.5" = [
    {url = "https://files.pythonhosted.org/packages/07/bc/587a445451b253b285629263eb51c2d8e9bcea4fc97826266d186f96f558/pyserial-3.5-py2.py3-none-any.whl", hash = "sha256:c4451db6ba391ca6ca299fb3ec7bae67a5c55dde170964c7a14ceefec02f2cf0"},
    {url = "https://files.pythonhosted.org/packages/1e/7d/ae3f0a63f41e4d2f6cb66a5b57197850f919f59e558159a4dd3a818f5082/pyserial-3.5.tar.gz", hash = "sha256:3c77e014170dfffbd816e6ffc205e9842efb10be9f58ec16d3e8675b4925cddb"},
]
